
Microsoft Visual Studio Solution File, Format Version 12.00
# Visual Studio 15
VisualStudioVersion = 15.0.27130.2010
MinimumVisualStudioVersion = 10.0.40219.1
Project("{6EC3EE1D-3C4E-46DD-8F32-0CC8E7565705}") = "EveAlod", "src\EveAlod\EveAlod.fsproj", "{BA5F3D09-05BD-49E3-866F-08178B86F011}"
EndProject
Project("{6EC3EE1D-3C4E-46DD-8F32-0CC8E7565705}") = "EveAlod.Entities", "src\EveAlod.Entities\EveAlod.Entities.fsproj", "{055D3D83-04D1-4C29-8CAF-B6D986841A31}"
EndProject
Project("{6EC3EE1D-3C4E-46DD-8F32-0CC8E7565705}") = "EveAlod.Services", "src\EveAlod.Services\EveAlod.Services.fsproj", "{DCBC5A58-F97A-473A-8DE9-5B136E501E13}"
EndProject
Project("{6EC3EE1D-3C4E-46DD-8F32-0CC8E7565705}") = "EveAlod.Data", "src\EveAlod.Data\EveAlod.Data.fsproj", "{E4954B2E-445B-459B-8397-7506D96A26AA}"
EndProject
Project("{2150E333-8FDC-42A3-9474-1A3956D46DE8}") = "Solution Items", "Solution Items", "{2E338DF9-E665-4E49-941B-2F6EB1B31B2F}"
	ProjectSection(SolutionItems) = preProject
		LICENSE = LICENSE
		README.md = README.md
	EndProjectSection
EndProject
Global
	GlobalSection(SolutionConfigurationPlatforms) = preSolution
		Debug|Any CPU = Debug|Any CPU
		Release|Any CPU = Release|Any CPU
	EndGlobalSection
	GlobalSection(ProjectConfigurationPlatforms) = postSolution
		{BA5F3D09-05BD-49E3-866F-08178B86F011}.Debug|Any CPU.ActiveCfg = Debug|Any CPU
		{BA5F3D09-05BD-49E3-866F-08178B86F011}.Debug|Any CPU.Build.0 = Debug|Any CPU
		{BA5F3D09-05BD-49E3-866F-08178B86F011}.Release|Any CPU.ActiveCfg = Release|Any CPU
		{BA5F3D09-05BD-49E3-866F-08178B86F011}.Release|Any CPU.Build.0 = Release|Any CPU
		{055D3D83-04D1-4C29-8CAF-B6D986841A31}.Debug|Any CPU.ActiveCfg = Debug|Any CPU
		{055D3D83-04D1-4C29-8CAF-B6D986841A31}.Debug|Any CPU.Build.0 = Debug|Any CPU
		{055D3D83-04D1-4C29-8CAF-B6D986841A31}.Release|Any CPU.ActiveCfg = Release|Any CPU
		{055D3D83-04D1-4C29-8CAF-B6D986841A31}.Release|Any CPU.Build.0 = Release|Any CPU
		{DCBC5A58-F97A-473A-8DE9-5B136E501E13}.Debug|Any CPU.ActiveCfg = Debug|Any CPU
		{DCBC5A58-F97A-473A-8DE9-5B136E501E13}.Debug|Any CPU.Build.0 = Debug|Any CPU
		{DCBC5A58-F97A-473A-8DE9-5B136E501E13}.Release|Any CPU.ActiveCfg = Release|Any CPU
		{DCBC5A58-F97A-473A-8DE9-5B136E501E13}.Release|Any CPU.Build.0 = Release|Any CPU
		{E4954B2E-445B-459B-8397-7506D96A26AA}.Debug|Any CPU.ActiveCfg = Debug|Any CPU
		{E4954B2E-445B-459B-8397-7506D96A26AA}.Debug|Any CPU.Build.0 = Debug|Any CPU
		{E4954B2E-445B-459B-8397-7506D96A26AA}.Release|Any CPU.ActiveCfg = Release|Any CPU
		{E4954B2E-445B-459B-8397-7506D96A26AA}.Release|Any CPU.Build.0 = Release|Any CPU
	EndGlobalSection
	GlobalSection(SolutionProperties) = preSolution
		HideSolutionNode = FALSE
	EndGlobalSection
	GlobalSection(ExtensibilityGlobals) = postSolution
		SolutionGuid = {5FF0F849-EC12-4523-8B22-F5DF8F531259}
	EndGlobalSection
EndGlobal
