
Microsoft Visual Studio Solution File, Format Version 12.00
# Visual Studio 15
VisualStudioVersion = 15.0.27130.2010
MinimumVisualStudioVersion = 10.0.40219.1
Project("{2150E333-8FDC-42A3-9474-1A3956D46DE8}") = "Solution Items", "Solution Items", "{2E338DF9-E665-4E49-941B-2F6EB1B31B2F}"
	ProjectSection(SolutionItems) = preProject
		appveyor.yml = appveyor.yml
		build.bat = build.bat
		build.fsx = build.fsx
		LICENSE = LICENSE
		README.md = README.md
	EndProjectSection
EndProject
Project("{2150E333-8FDC-42A3-9474-1A3956D46DE8}") = "Tests", "Tests", "{61B1713F-B16E-4E9F-80AA-42EB0944AC95}"
EndProject
Project("{F2A71F9B-5D33-465A-A702-920D77279786}") = "EveAlod.Common", "src\EveAlod.Common\EveAlod.Common.fsproj", "{9DAC1AC4-C86B-451E-808D-97D28C2972FA}"
EndProject
Project("{F2A71F9B-5D33-465A-A702-920D77279786}") = "EveAlod.Services", "src\EveAlod.Services\EveAlod.Services.fsproj", "{DB5B6516-640E-4990-AA8A-A44CD165DDC6}"
EndProject
Project("{F2A71F9B-5D33-465A-A702-920D77279786}") = "EveAlod.Data", "src\EveAlod.Data\EveAlod.Data.fsproj", "{BD16AE68-F3BB-4A45-A6BF-2925676F8D03}"
EndProject
Project("{F2A71F9B-5D33-465A-A702-920D77279786}") = "EveAlod", "src\EveAlod\EveAlod.fsproj", "{E6F22AFF-5A46-4DCC-ABC2-F2E2B1BB3680}"
EndProject
Project("{F2A71F9B-5D33-465A-A702-920D77279786}") = "EveAlod.Common.Tests", "src\EveAlod.Common.Tests\EveAlod.Common.Tests.fsproj", "{1804C976-CE6C-4152-BF62-90ECE09C985C}"
EndProject
Global
	GlobalSection(SolutionConfigurationPlatforms) = preSolution
		Debug|Any CPU = Debug|Any CPU
		Release|Any CPU = Release|Any CPU
	EndGlobalSection
	GlobalSection(ProjectConfigurationPlatforms) = postSolution
		{9DAC1AC4-C86B-451E-808D-97D28C2972FA}.Debug|Any CPU.ActiveCfg = Debug|Any CPU
		{9DAC1AC4-C86B-451E-808D-97D28C2972FA}.Debug|Any CPU.Build.0 = Debug|Any CPU
		{9DAC1AC4-C86B-451E-808D-97D28C2972FA}.Release|Any CPU.ActiveCfg = Release|Any CPU
		{9DAC1AC4-C86B-451E-808D-97D28C2972FA}.Release|Any CPU.Build.0 = Release|Any CPU
		{DB5B6516-640E-4990-AA8A-A44CD165DDC6}.Debug|Any CPU.ActiveCfg = Debug|Any CPU
		{DB5B6516-640E-4990-AA8A-A44CD165DDC6}.Debug|Any CPU.Build.0 = Debug|Any CPU
		{DB5B6516-640E-4990-AA8A-A44CD165DDC6}.Release|Any CPU.ActiveCfg = Release|Any CPU
		{DB5B6516-640E-4990-AA8A-A44CD165DDC6}.Release|Any CPU.Build.0 = Release|Any CPU
		{BD16AE68-F3BB-4A45-A6BF-2925676F8D03}.Debug|Any CPU.ActiveCfg = Debug|Any CPU
		{BD16AE68-F3BB-4A45-A6BF-2925676F8D03}.Debug|Any CPU.Build.0 = Debug|Any CPU
		{BD16AE68-F3BB-4A45-A6BF-2925676F8D03}.Release|Any CPU.ActiveCfg = Release|Any CPU
		{BD16AE68-F3BB-4A45-A6BF-2925676F8D03}.Release|Any CPU.Build.0 = Release|Any CPU
		{E6F22AFF-5A46-4DCC-ABC2-F2E2B1BB3680}.Debug|Any CPU.ActiveCfg = Debug|Any CPU
		{E6F22AFF-5A46-4DCC-ABC2-F2E2B1BB3680}.Debug|Any CPU.Build.0 = Debug|Any CPU
		{E6F22AFF-5A46-4DCC-ABC2-F2E2B1BB3680}.Release|Any CPU.ActiveCfg = Release|Any CPU
		{E6F22AFF-5A46-4DCC-ABC2-F2E2B1BB3680}.Release|Any CPU.Build.0 = Release|Any CPU
		{1804C976-CE6C-4152-BF62-90ECE09C985C}.Debug|Any CPU.ActiveCfg = Debug|Any CPU
		{1804C976-CE6C-4152-BF62-90ECE09C985C}.Debug|Any CPU.Build.0 = Debug|Any CPU
		{1804C976-CE6C-4152-BF62-90ECE09C985C}.Release|Any CPU.ActiveCfg = Release|Any CPU
		{1804C976-CE6C-4152-BF62-90ECE09C985C}.Release|Any CPU.Build.0 = Release|Any CPU
	EndGlobalSection
	GlobalSection(SolutionProperties) = preSolution
		HideSolutionNode = FALSE
	EndGlobalSection
	GlobalSection(NestedProjects) = preSolution
		{1804C976-CE6C-4152-BF62-90ECE09C985C} = {61B1713F-B16E-4E9F-80AA-42EB0944AC95}
	EndGlobalSection
	GlobalSection(ExtensibilityGlobals) = postSolution
		SolutionGuid = {5FF0F849-EC12-4523-8B22-F5DF8F531259}
	EndGlobalSection
EndGlobal
